// !$*UTF8*$!
{
	archiveVersion = 1;
	classes = {
	};
	objectVersion = 46;
	objects = {

/* Begin PBXBuildFile section */
		2E0324271E05600B00C52D58 /* ParameterParser.swift in Sources */ = {isa = PBXBuildFile; fileRef = 2E0324261E05600B00C52D58 /* ParameterParser.swift */; };
		2E2B8CE11DFEEF4400090078 /* FileBrowser.framework in Frameworks */ = {isa = PBXBuildFile; fileRef = 2E2B8CDE1DFEEF1600090078 /* FileBrowser.framework */; };
		2E2B8CE21DFEEF4400090078 /* FileBrowser.framework in Embed Frameworks */ = {isa = PBXBuildFile; fileRef = 2E2B8CDE1DFEEF1600090078 /* FileBrowser.framework */; settings = {ATTRIBUTES = (CodeSignOnCopy, RemoveHeadersOnCopy, ); }; };
		2E2B8CE51DFEEF4B00090078 /* Charts.framework in Frameworks */ = {isa = PBXBuildFile; fileRef = 2E2B8CD31DFEEF0700090078 /* Charts.framework */; };
		2E2B8CE61DFEEF4B00090078 /* Charts.framework in Embed Frameworks */ = {isa = PBXBuildFile; fileRef = 2E2B8CD31DFEEF0700090078 /* Charts.framework */; settings = {ATTRIBUTES = (CodeSignOnCopy, RemoveHeadersOnCopy, ); }; };
		2E708A231DE61A19008EC78A /* CustomizeExtensions.swift in Sources */ = {isa = PBXBuildFile; fileRef = 2E708A221DE61A19008EC78A /* CustomizeExtensions.swift */; };
		2E708A5C1DE714F0008EC78A /* Regex.swift in Sources */ = {isa = PBXBuildFile; fileRef = 2E708A5B1DE714F0008EC78A /* Regex.swift */; };
		2E91F2A61DDB5B76003E277F /* AppDelegate.swift in Sources */ = {isa = PBXBuildFile; fileRef = 2E91F2A51DDB5B76003E277F /* AppDelegate.swift */; };
		2E91F2A81DDB5B76003E277F /* ConnectionViewController.swift in Sources */ = {isa = PBXBuildFile; fileRef = 2E91F2A71DDB5B76003E277F /* ConnectionViewController.swift */; };
		2E91F2AB1DDB5B76003E277F /* Main.storyboard in Resources */ = {isa = PBXBuildFile; fileRef = 2E91F2A91DDB5B76003E277F /* Main.storyboard */; };
		2E91F2AE1DDB5B76003E277F /* Spectrometer.xcdatamodeld in Sources */ = {isa = PBXBuildFile; fileRef = 2E91F2AC1DDB5B76003E277F /* Spectrometer.xcdatamodeld */; };
		2E91F2B01DDB5B76003E277F /* Assets.xcassets in Resources */ = {isa = PBXBuildFile; fileRef = 2E91F2AF1DDB5B76003E277F /* Assets.xcassets */; };
		2E91F2B31DDB5B76003E277F /* LaunchScreen.storyboard in Resources */ = {isa = PBXBuildFile; fileRef = 2E91F2B11DDB5B76003E277F /* LaunchScreen.storyboard */; };
		2E91F2BE1DDB5B76003E277F /* SpectrometerTests.swift in Sources */ = {isa = PBXBuildFile; fileRef = 2E91F2BD1DDB5B76003E277F /* SpectrometerTests.swift */; };
		2E91F2E01DDB5B9F003E277F /* SynchronousTCPServer.swift in Sources */ = {isa = PBXBuildFile; fileRef = 2E91F2CB1DDB5B9F003E277F /* SynchronousTCPServer.swift */; };
		2E91F2E11DDB5B9F003E277F /* SynchronousUDPServer.swift in Sources */ = {isa = PBXBuildFile; fileRef = 2E91F2CC1DDB5B9F003E277F /* SynchronousUDPServer.swift */; };
		2E91F2E21DDB5B9F003E277F /* TCPClient.swift in Sources */ = {isa = PBXBuildFile; fileRef = 2E91F2CD1DDB5B9F003E277F /* TCPClient.swift */; };
		2E91F2E31DDB5B9F003E277F /* UDPClient.swift in Sources */ = {isa = PBXBuildFile; fileRef = 2E91F2CE1DDB5B9F003E277F /* UDPClient.swift */; };
		2E91F2E41DDB5B9F003E277F /* Address+C.swift in Sources */ = {isa = PBXBuildFile; fileRef = 2E91F2D01DDB5B9F003E277F /* Address+C.swift */; };
		2E91F2E51DDB5B9F003E277F /* Address.swift in Sources */ = {isa = PBXBuildFile; fileRef = 2E91F2D11DDB5B9F003E277F /* Address.swift */; };
		2E91F2E61DDB5B9F003E277F /* Bytes.swift in Sources */ = {isa = PBXBuildFile; fileRef = 2E91F2D21DDB5B9F003E277F /* Bytes.swift */; };
		2E91F2E71DDB5B9F003E277F /* Conversions.swift in Sources */ = {isa = PBXBuildFile; fileRef = 2E91F2D31DDB5B9F003E277F /* Conversions.swift */; };
		2E91F2E81DDB5B9F003E277F /* Error.swift in Sources */ = {isa = PBXBuildFile; fileRef = 2E91F2D41DDB5B9F003E277F /* Error.swift */; };
		2E91F2E91DDB5B9F003E277F /* FDSet.swift in Sources */ = {isa = PBXBuildFile; fileRef = 2E91F2D51DDB5B9F003E277F /* FDSet.swift */; };
		2E91F2EA1DDB5B9F003E277F /* InternetSocket.swift in Sources */ = {isa = PBXBuildFile; fileRef = 2E91F2D61DDB5B9F003E277F /* InternetSocket.swift */; };
		2E91F2EB1DDB5B9F003E277F /* Pipe.swift in Sources */ = {isa = PBXBuildFile; fileRef = 2E91F2D71DDB5B9F003E277F /* Pipe.swift */; };
		2E91F2EC1DDB5B9F003E277F /* Select.swift in Sources */ = {isa = PBXBuildFile; fileRef = 2E91F2D81DDB5B9F003E277F /* Select.swift */; };
		2E91F2ED1DDB5B9F003E277F /* Socket.swift in Sources */ = {isa = PBXBuildFile; fileRef = 2E91F2D91DDB5B9F003E277F /* Socket.swift */; };
		2E91F2EE1DDB5B9F003E277F /* SocketOptions+Deprecated.swift in Sources */ = {isa = PBXBuildFile; fileRef = 2E91F2DA1DDB5B9F003E277F /* SocketOptions+Deprecated.swift */; };
		2E91F2EF1DDB5B9F003E277F /* SocketOptions.swift in Sources */ = {isa = PBXBuildFile; fileRef = 2E91F2DB1DDB5B9F003E277F /* SocketOptions.swift */; };
		2E91F2F01DDB5B9F003E277F /* TCPSocket.swift in Sources */ = {isa = PBXBuildFile; fileRef = 2E91F2DC1DDB5B9F003E277F /* TCPSocket.swift */; };
		2E91F2F11DDB5B9F003E277F /* Types.swift in Sources */ = {isa = PBXBuildFile; fileRef = 2E91F2DD1DDB5B9F003E277F /* Types.swift */; };
		2E91F2F21DDB5B9F003E277F /* UDPSocket.swift in Sources */ = {isa = PBXBuildFile; fileRef = 2E91F2DE1DDB5B9F003E277F /* UDPSocket.swift */; };
		2E91F2F71DDB5CF7003E277F /* TcpManager.swift in Sources */ = {isa = PBXBuildFile; fileRef = 2E91F2F61DDB5CF7003E277F /* TcpManager.swift */; };
		2E91F2FA1DDB6161003E277F /* Command.swift in Sources */ = {isa = PBXBuildFile; fileRef = 2E91F2F91DDB6161003E277F /* Command.swift */; };
		2E91F2FE1DDB7446003E277F /* SpectrumHeader.swift in Sources */ = {isa = PBXBuildFile; fileRef = 2E91F2FD1DDB7446003E277F /* SpectrumHeader.swift */; };
		2E91F3001DDB745D003E277F /* SwirHeader.swift in Sources */ = {isa = PBXBuildFile; fileRef = 2E91F2FF1DDB745D003E277F /* SwirHeader.swift */; };
		2E91F3021DDB7472003E277F /* VnirHeader.swift in Sources */ = {isa = PBXBuildFile; fileRef = 2E91F3011DDB7472003E277F /* VnirHeader.swift */; };
		2E91F3051DDB7827003E277F /* BaseSpectrumParser.swift in Sources */ = {isa = PBXBuildFile; fileRef = 2E91F3041DDB7827003E277F /* BaseSpectrumParser.swift */; };
		2E91F3081DDB78D8003E277F /* SpectrumDataBase.swift in Sources */ = {isa = PBXBuildFile; fileRef = 2E91F3071DDB78D8003E277F /* SpectrumDataBase.swift */; };
		2E91F30A1DDB7BDF003E277F /* FullRangeInterpolatedSpectrum.swift in Sources */ = {isa = PBXBuildFile; fileRef = 2E91F3091DDB7BDF003E277F /* FullRangeInterpolatedSpectrum.swift */; };
		2E91F30D1DDB8068003E277F /* SpectralDataEnums.swift in Sources */ = {isa = PBXBuildFile; fileRef = 2E91F30C1DDB8068003E277F /* SpectralDataEnums.swift */; };
		2E91F30F1DDB82C7003E277F /* Parameter.swift in Sources */ = {isa = PBXBuildFile; fileRef = 2E91F30E1DDB82C7003E277F /* Parameter.swift */; };
		2E91F3111DDB8408003E277F /* Init.swift in Sources */ = {isa = PBXBuildFile; fileRef = 2E91F3101DDB8408003E277F /* Init.swift */; };
		2E91F3131DDB842A003E277F /* InstrumentControl.swift in Sources */ = {isa = PBXBuildFile; fileRef = 2E91F3121DDB842A003E277F /* InstrumentControl.swift */; };
		2E91F3151DDB8440003E277F /* Optimize.swift in Sources */ = {isa = PBXBuildFile; fileRef = 2E91F3141DDB8440003E277F /* Optimize.swift */; };
		2E91F3171DDB848E003E277F /* Version.swift in Sources */ = {isa = PBXBuildFile; fileRef = 2E91F3161DDB848E003E277F /* Version.swift */; };
		2EB362941DF1BCF900E74E39 /* SpectralFileEnums.swift in Sources */ = {isa = PBXBuildFile; fileRef = 2EB362931DF1BCF900E74E39 /* SpectralFileEnums.swift */; };
		2EB362961DF1BD4F00E74E39 /* SpectralFile.swift in Sources */ = {isa = PBXBuildFile; fileRef = 2EB362951DF1BD4F00E74E39 /* SpectralFile.swift */; };
		2EB3629A1DF1D8E400E74E39 /* AppData.swift in Sources */ = {isa = PBXBuildFile; fileRef = 2EB362991DF1D8E400E74E39 /* AppData.swift */; };
		2EB3629C1DF1D91C00E74E39 /* GpsData.swift in Sources */ = {isa = PBXBuildFile; fileRef = 2EB3629B1DF1D91C00E74E39 /* GpsData.swift */; };
		2EB3629E1DF1DABF00E74E39 /* ConstituentType.swift in Sources */ = {isa = PBXBuildFile; fileRef = 2EB3629D1DF1DABF00E74E39 /* ConstituentType.swift */; };
		2EB362A01DF1DF0A00E74E39 /* CalibrationBuffer.swift in Sources */ = {isa = PBXBuildFile; fileRef = 2EB3629F1DF1DF0A00E74E39 /* CalibrationBuffer.swift */; };
		2EB362A51DF23DDB00E74E39 /* SpectralFileParser.swift in Sources */ = {isa = PBXBuildFile; fileRef = 2EB362A41DF23DDB00E74E39 /* SpectralFileParser.swift */; };
		2EB822E71DE06C0300DF732C /* Extensions.swift in Sources */ = {isa = PBXBuildFile; fileRef = 2EB822E61DE06C0300DF732C /* Extensions.swift */; };
		2EB822E91DE06F0900DF732C /* VersionParser.swift in Sources */ = {isa = PBXBuildFile; fileRef = 2EB822E81DE06F0900DF732C /* VersionParser.swift */; };
		2EB822EC1DE0811D00DF732C /* FullRangeInterpolatedSpectrumParser.swift in Sources */ = {isa = PBXBuildFile; fileRef = 2EB822EB1DE0811D00DF732C /* FullRangeInterpolatedSpectrumParser.swift */; };
		2EB822FD1DE0A2D100DF732C /* OpenSans-Bold.ttf in Resources */ = {isa = PBXBuildFile; fileRef = 2EB822F31DE0A2D100DF732C /* OpenSans-Bold.ttf */; };
		2EB822FE1DE0A2D100DF732C /* OpenSans-BoldItalic.ttf in Resources */ = {isa = PBXBuildFile; fileRef = 2EB822F41DE0A2D100DF732C /* OpenSans-BoldItalic.ttf */; };
		2EB822FF1DE0A2D100DF732C /* OpenSans-ExtraBold.ttf in Resources */ = {isa = PBXBuildFile; fileRef = 2EB822F51DE0A2D100DF732C /* OpenSans-ExtraBold.ttf */; };
		2EB823001DE0A2D100DF732C /* OpenSans-ExtraBoldItalic.ttf in Resources */ = {isa = PBXBuildFile; fileRef = 2EB822F61DE0A2D100DF732C /* OpenSans-ExtraBoldItalic.ttf */; };
		2EB823011DE0A2D100DF732C /* OpenSans-Italic.ttf in Resources */ = {isa = PBXBuildFile; fileRef = 2EB822F71DE0A2D100DF732C /* OpenSans-Italic.ttf */; };
		2EB823021DE0A2D100DF732C /* OpenSans-Light.ttf in Resources */ = {isa = PBXBuildFile; fileRef = 2EB822F81DE0A2D100DF732C /* OpenSans-Light.ttf */; };
		2EB823031DE0A2D100DF732C /* OpenSans-LightItalic.ttf in Resources */ = {isa = PBXBuildFile; fileRef = 2EB822F91DE0A2D100DF732C /* OpenSans-LightItalic.ttf */; };
		2EB823041DE0A2D100DF732C /* OpenSans-Regular.ttf in Resources */ = {isa = PBXBuildFile; fileRef = 2EB822FA1DE0A2D100DF732C /* OpenSans-Regular.ttf */; };
		2EB823051DE0A2D100DF732C /* OpenSans-Semibold.ttf in Resources */ = {isa = PBXBuildFile; fileRef = 2EB822FB1DE0A2D100DF732C /* OpenSans-Semibold.ttf */; };
		2EB823061DE0A2D100DF732C /* OpenSans-SemiboldItalic.ttf in Resources */ = {isa = PBXBuildFile; fileRef = 2EB822FC1DE0A2D100DF732C /* OpenSans-SemiboldItalic.ttf */; };
		2EB823091DE0AD1900DF732C /* AddEditConnectionViewController.swift in Sources */ = {isa = PBXBuildFile; fileRef = 2EB823081DE0AD1900DF732C /* AddEditConnectionViewController.swift */; };
		2EB823251DE0CC2900DF732C /* AquireViewController.swift in Sources */ = {isa = PBXBuildFile; fileRef = 2EB823241DE0CC2900DF732C /* AquireViewController.swift */; };
		2EB823281DE0D40F00DF732C /* SpectrometerTabBar.swift in Sources */ = {isa = PBXBuildFile; fileRef = 2EB823271DE0D40F00DF732C /* SpectrometerTabBar.swift */; };
		2EB8233C1DE113DA00DF732C /* CustomCharts.swift in Sources */ = {isa = PBXBuildFile; fileRef = 2EB8233B1DE113DA00DF732C /* CustomCharts.swift */; };
		E108F2141E3B8B670097B7EE /* BaseMeasurementModal.swift in Sources */ = {isa = PBXBuildFile; fileRef = E108F2131E3B8B670097B7EE /* BaseMeasurementModal.swift */; };
		E108F2191E3B960D0097B7EE /* StartTestSeriesViewController.swift in Sources */ = {isa = PBXBuildFile; fileRef = E108F2181E3B960D0097B7EE /* StartTestSeriesViewController.swift */; };
		E108F21B1E3F367C0097B7EE /* WhiteRefrenceViewController.swift in Sources */ = {isa = PBXBuildFile; fileRef = E108F21A1E3F367C0097B7EE /* WhiteRefrenceViewController.swift */; };
		E1129D331E2FBDC700331A02 /* FinishTestSeriesViewController.swift in Sources */ = {isa = PBXBuildFile; fileRef = E1129D321E2FBDC700331A02 /* FinishTestSeriesViewController.swift */; };
		E14EC22E1E2E1889006EBD2F /* SettingsViewController.swift in Sources */ = {isa = PBXBuildFile; fileRef = E14EC22D1E2E1889006EBD2F /* SettingsViewController.swift */; };
		E165E1F71E34B5A20077A5EB /* FastMeasurmentViewController.swift in Sources */ = {isa = PBXBuildFile; fileRef = E165E1F61E34B5A20077A5EB /* FastMeasurmentViewController.swift */; };
		E1807E5E1E2E576400BB205F /* ExceptionErrors.swift in Sources */ = {isa = PBXBuildFile; fileRef = E1807E5D1E2E576400BB205F /* ExceptionErrors.swift */; };
		E1807E641E2F619B00BB205F /* TestSeriesViewController.swift in Sources */ = {isa = PBXBuildFile; fileRef = E1807E631E2F619B00BB205F /* TestSeriesViewController.swift */; };
		E1807E661E2F79AA00BB205F /* PageContentViewController.swift in Sources */ = {isa = PBXBuildFile; fileRef = E1807E651E2F79AA00BB205F /* PageContentViewController.swift */; };
		E1807E681E2F7B2F00BB205F /* ParentViewController.swift in Sources */ = {isa = PBXBuildFile; fileRef = E1807E671E2F7B2F00BB205F /* ParentViewController.swift */; };
		E186B9481E364DDF00FE43F3 /* CommandManager.swift in Sources */ = {isa = PBXBuildFile; fileRef = E186B9471E364DDF00FE43F3 /* CommandManager.swift */; };
		E18970A01E2914B300722E9C /* BaseWriter.swift in Sources */ = {isa = PBXBuildFile; fileRef = E189709F1E2914B300722E9C /* BaseWriter.swift */; };
		E18DAE9D1E375D46005F6753 /* MeasurmentMasterTableViewController.swift in Sources */ = {isa = PBXBuildFile; fileRef = E18DAE9C1E375D46005F6753 /* MeasurmentMasterTableViewController.swift */; };
		E18DAE9F1E375E43005F6753 /* MeasurmentDetailViewController.swift in Sources */ = {isa = PBXBuildFile; fileRef = E18DAE9E1E375E43005F6753 /* MeasurmentDetailViewController.swift */; };
		E1AC382B1E266ACD004CCBEF /* FileWriter.swift in Sources */ = {isa = PBXBuildFile; fileRef = E1AC382A1E266ACD004CCBEF /* FileWriter.swift */; };
/* End PBXBuildFile section */

/* Begin PBXContainerItemProxy section */
		2E2B8CD21DFEEF0700090078 /* PBXContainerItemProxy */ = {
			isa = PBXContainerItemProxy;
			containerPortal = 2E2B8CCC1DFEEF0700090078 /* Charts.xcodeproj */;
			proxyType = 2;
			remoteGlobalIDString = 06165F241D8110E600722320;
			remoteInfo = Charts;
		};
		2E2B8CD41DFEEF0700090078 /* PBXContainerItemProxy */ = {
			isa = PBXContainerItemProxy;
			containerPortal = 2E2B8CCC1DFEEF0700090078 /* Charts.xcodeproj */;
			proxyType = 2;
			remoteGlobalIDString = 06B120D51D811E6200D14B02;
			remoteInfo = ChartsRealm;
		};
		2E2B8CD61DFEEF0700090078 /* PBXContainerItemProxy */ = {
			isa = PBXContainerItemProxy;
			containerPortal = 2E2B8CCC1DFEEF0700090078 /* Charts.xcodeproj */;
			proxyType = 2;
			remoteGlobalIDString = 06165F2E1D8110E600722320;
			remoteInfo = ChartsTests;
		};
		2E2B8CDD1DFEEF1600090078 /* PBXContainerItemProxy */ = {
			isa = PBXContainerItemProxy;
			containerPortal = 2E2B8CD81DFEEF1600090078 /* FileBrowser.xcodeproj */;
			proxyType = 2;
			remoteGlobalIDString = 344169541C67812400B93D28;
			remoteInfo = FileBrowser;
		};
		2E2B8CDF1DFEEF1600090078 /* PBXContainerItemProxy */ = {
			isa = PBXContainerItemProxy;
			containerPortal = 2E2B8CD81DFEEF1600090078 /* FileBrowser.xcodeproj */;
			proxyType = 2;
			remoteGlobalIDString = 3441695E1C67812400B93D28;
			remoteInfo = FileBrowserTests;
		};
		2E2B8CE31DFEEF4400090078 /* PBXContainerItemProxy */ = {
			isa = PBXContainerItemProxy;
			containerPortal = 2E2B8CD81DFEEF1600090078 /* FileBrowser.xcodeproj */;
			proxyType = 1;
			remoteGlobalIDString = 344169531C67812400B93D28;
			remoteInfo = FileBrowser;
		};
		2E2B8CE71DFEEF4B00090078 /* PBXContainerItemProxy */ = {
			isa = PBXContainerItemProxy;
			containerPortal = 2E2B8CCC1DFEEF0700090078 /* Charts.xcodeproj */;
			proxyType = 1;
			remoteGlobalIDString = 06165F231D8110E600722320;
			remoteInfo = Charts;
		};
		2E91F2BA1DDB5B76003E277F /* PBXContainerItemProxy */ = {
			isa = PBXContainerItemProxy;
			containerPortal = 2E91F29A1DDB5B76003E277F /* Project object */;
			proxyType = 1;
			remoteGlobalIDString = 2E91F2A11DDB5B76003E277F;
			remoteInfo = Spectrometer;
		};
/* End PBXContainerItemProxy section */

/* Begin PBXCopyFilesBuildPhase section */
		2EB8233A1DE0EE8000DF732C /* Embed Frameworks */ = {
			isa = PBXCopyFilesBuildPhase;
			buildActionMask = 2147483647;
			dstPath = "";
			dstSubfolderSpec = 10;
			files = (
				2E2B8CE21DFEEF4400090078 /* FileBrowser.framework in Embed Frameworks */,
				2E2B8CE61DFEEF4B00090078 /* Charts.framework in Embed Frameworks */,
			);
			name = "Embed Frameworks";
			runOnlyForDeploymentPostprocessing = 0;
		};
/* End PBXCopyFilesBuildPhase section */

/* Begin PBXFileReference section */
		2E0324261E05600B00C52D58 /* ParameterParser.swift */ = {isa = PBXFileReference; fileEncoding = 4; lastKnownFileType = sourcecode.swift; path = ParameterParser.swift; sourceTree = "<group>"; };
		2E2B8CCC1DFEEF0700090078 /* Charts.xcodeproj */ = {isa = PBXFileReference; lastKnownFileType = "wrapper.pb-project"; name = Charts.xcodeproj; path = ../Frameworks/Charts/Charts.xcodeproj; sourceTree = "<group>"; };
		2E2B8CD81DFEEF1600090078 /* FileBrowser.xcodeproj */ = {isa = PBXFileReference; lastKnownFileType = "wrapper.pb-project"; name = FileBrowser.xcodeproj; path = ../Frameworks/FileBrowser/FileBrowser.xcodeproj; sourceTree = "<group>"; };
		2E708A221DE61A19008EC78A /* CustomizeExtensions.swift */ = {isa = PBXFileReference; fileEncoding = 4; lastKnownFileType = sourcecode.swift; path = CustomizeExtensions.swift; sourceTree = "<group>"; };
		2E708A5B1DE714F0008EC78A /* Regex.swift */ = {isa = PBXFileReference; fileEncoding = 4; lastKnownFileType = sourcecode.swift; path = Regex.swift; sourceTree = "<group>"; };
		2E91F2A21DDB5B76003E277F /* Spectrometer.app */ = {isa = PBXFileReference; explicitFileType = wrapper.application; includeInIndex = 0; path = Spectrometer.app; sourceTree = BUILT_PRODUCTS_DIR; };
		2E91F2A51DDB5B76003E277F /* AppDelegate.swift */ = {isa = PBXFileReference; lastKnownFileType = sourcecode.swift; path = AppDelegate.swift; sourceTree = "<group>"; };
		2E91F2A71DDB5B76003E277F /* ConnectionViewController.swift */ = {isa = PBXFileReference; lastKnownFileType = sourcecode.swift; path = ConnectionViewController.swift; sourceTree = "<group>"; };
		2E91F2AA1DDB5B76003E277F /* Base */ = {isa = PBXFileReference; lastKnownFileType = file.storyboard; name = Base; path = Base.lproj/Main.storyboard; sourceTree = "<group>"; };
		2E91F2AD1DDB5B76003E277F /* Spectrometer.xcdatamodel */ = {isa = PBXFileReference; lastKnownFileType = wrapper.xcdatamodel; path = Spectrometer.xcdatamodel; sourceTree = "<group>"; };
		2E91F2AF1DDB5B76003E277F /* Assets.xcassets */ = {isa = PBXFileReference; lastKnownFileType = folder.assetcatalog; path = Assets.xcassets; sourceTree = "<group>"; };
		2E91F2B21DDB5B76003E277F /* Base */ = {isa = PBXFileReference; lastKnownFileType = file.storyboard; name = Base; path = Base.lproj/LaunchScreen.storyboard; sourceTree = "<group>"; };
		2E91F2B41DDB5B76003E277F /* Info.plist */ = {isa = PBXFileReference; lastKnownFileType = text.plist.xml; path = Info.plist; sourceTree = "<group>"; };
		2E91F2B91DDB5B76003E277F /* SpectrometerTests.xctest */ = {isa = PBXFileReference; explicitFileType = wrapper.cfbundle; includeInIndex = 0; path = SpectrometerTests.xctest; sourceTree = BUILT_PRODUCTS_DIR; };
		2E91F2BD1DDB5B76003E277F /* SpectrometerTests.swift */ = {isa = PBXFileReference; lastKnownFileType = sourcecode.swift; path = SpectrometerTests.swift; sourceTree = "<group>"; };
		2E91F2BF1DDB5B76003E277F /* Info.plist */ = {isa = PBXFileReference; lastKnownFileType = text.plist.xml; path = Info.plist; sourceTree = "<group>"; };
		2E91F2CB1DDB5B9F003E277F /* SynchronousTCPServer.swift */ = {isa = PBXFileReference; fileEncoding = 4; lastKnownFileType = sourcecode.swift; path = SynchronousTCPServer.swift; sourceTree = "<group>"; };
		2E91F2CC1DDB5B9F003E277F /* SynchronousUDPServer.swift */ = {isa = PBXFileReference; fileEncoding = 4; lastKnownFileType = sourcecode.swift; path = SynchronousUDPServer.swift; sourceTree = "<group>"; };
		2E91F2CD1DDB5B9F003E277F /* TCPClient.swift */ = {isa = PBXFileReference; fileEncoding = 4; lastKnownFileType = sourcecode.swift; path = TCPClient.swift; sourceTree = "<group>"; };
		2E91F2CE1DDB5B9F003E277F /* UDPClient.swift */ = {isa = PBXFileReference; fileEncoding = 4; lastKnownFileType = sourcecode.swift; path = UDPClient.swift; sourceTree = "<group>"; };
		2E91F2D01DDB5B9F003E277F /* Address+C.swift */ = {isa = PBXFileReference; fileEncoding = 4; lastKnownFileType = sourcecode.swift; path = "Address+C.swift"; sourceTree = "<group>"; };
		2E91F2D11DDB5B9F003E277F /* Address.swift */ = {isa = PBXFileReference; fileEncoding = 4; lastKnownFileType = sourcecode.swift; path = Address.swift; sourceTree = "<group>"; };
		2E91F2D21DDB5B9F003E277F /* Bytes.swift */ = {isa = PBXFileReference; fileEncoding = 4; lastKnownFileType = sourcecode.swift; path = Bytes.swift; sourceTree = "<group>"; };
		2E91F2D31DDB5B9F003E277F /* Conversions.swift */ = {isa = PBXFileReference; fileEncoding = 4; lastKnownFileType = sourcecode.swift; path = Conversions.swift; sourceTree = "<group>"; };
		2E91F2D41DDB5B9F003E277F /* Error.swift */ = {isa = PBXFileReference; fileEncoding = 4; lastKnownFileType = sourcecode.swift; path = Error.swift; sourceTree = "<group>"; };
		2E91F2D51DDB5B9F003E277F /* FDSet.swift */ = {isa = PBXFileReference; fileEncoding = 4; lastKnownFileType = sourcecode.swift; path = FDSet.swift; sourceTree = "<group>"; };
		2E91F2D61DDB5B9F003E277F /* InternetSocket.swift */ = {isa = PBXFileReference; fileEncoding = 4; lastKnownFileType = sourcecode.swift; path = InternetSocket.swift; sourceTree = "<group>"; };
		2E91F2D71DDB5B9F003E277F /* Pipe.swift */ = {isa = PBXFileReference; fileEncoding = 4; lastKnownFileType = sourcecode.swift; path = Pipe.swift; sourceTree = "<group>"; };
		2E91F2D81DDB5B9F003E277F /* Select.swift */ = {isa = PBXFileReference; fileEncoding = 4; lastKnownFileType = sourcecode.swift; path = Select.swift; sourceTree = "<group>"; };
		2E91F2D91DDB5B9F003E277F /* Socket.swift */ = {isa = PBXFileReference; fileEncoding = 4; lastKnownFileType = sourcecode.swift; path = Socket.swift; sourceTree = "<group>"; };
		2E91F2DA1DDB5B9F003E277F /* SocketOptions+Deprecated.swift */ = {isa = PBXFileReference; fileEncoding = 4; lastKnownFileType = sourcecode.swift; path = "SocketOptions+Deprecated.swift"; sourceTree = "<group>"; };
		2E91F2DB1DDB5B9F003E277F /* SocketOptions.swift */ = {isa = PBXFileReference; fileEncoding = 4; lastKnownFileType = sourcecode.swift; path = SocketOptions.swift; sourceTree = "<group>"; };
		2E91F2DC1DDB5B9F003E277F /* TCPSocket.swift */ = {isa = PBXFileReference; fileEncoding = 4; lastKnownFileType = sourcecode.swift; path = TCPSocket.swift; sourceTree = "<group>"; };
		2E91F2DD1DDB5B9F003E277F /* Types.swift */ = {isa = PBXFileReference; fileEncoding = 4; lastKnownFileType = sourcecode.swift; path = Types.swift; sourceTree = "<group>"; };
		2E91F2DE1DDB5B9F003E277F /* UDPSocket.swift */ = {isa = PBXFileReference; fileEncoding = 4; lastKnownFileType = sourcecode.swift; path = UDPSocket.swift; sourceTree = "<group>"; };
		2E91F2F61DDB5CF7003E277F /* TcpManager.swift */ = {isa = PBXFileReference; fileEncoding = 4; lastKnownFileType = sourcecode.swift; path = TcpManager.swift; sourceTree = "<group>"; };
		2E91F2F91DDB6161003E277F /* Command.swift */ = {isa = PBXFileReference; fileEncoding = 4; lastKnownFileType = sourcecode.swift; path = Command.swift; sourceTree = "<group>"; };
		2E91F2FD1DDB7446003E277F /* SpectrumHeader.swift */ = {isa = PBXFileReference; fileEncoding = 4; lastKnownFileType = sourcecode.swift; path = SpectrumHeader.swift; sourceTree = "<group>"; };
		2E91F2FF1DDB745D003E277F /* SwirHeader.swift */ = {isa = PBXFileReference; fileEncoding = 4; lastKnownFileType = sourcecode.swift; path = SwirHeader.swift; sourceTree = "<group>"; };
		2E91F3011DDB7472003E277F /* VnirHeader.swift */ = {isa = PBXFileReference; fileEncoding = 4; lastKnownFileType = sourcecode.swift; path = VnirHeader.swift; sourceTree = "<group>"; };
		2E91F3041DDB7827003E277F /* BaseSpectrumParser.swift */ = {isa = PBXFileReference; fileEncoding = 4; lastKnownFileType = sourcecode.swift; path = BaseSpectrumParser.swift; sourceTree = "<group>"; };
		2E91F3071DDB78D8003E277F /* SpectrumDataBase.swift */ = {isa = PBXFileReference; fileEncoding = 4; lastKnownFileType = sourcecode.swift; path = SpectrumDataBase.swift; sourceTree = "<group>"; };
		2E91F3091DDB7BDF003E277F /* FullRangeInterpolatedSpectrum.swift */ = {isa = PBXFileReference; fileEncoding = 4; lastKnownFileType = sourcecode.swift; path = FullRangeInterpolatedSpectrum.swift; sourceTree = "<group>"; };
		2E91F30C1DDB8068003E277F /* SpectralDataEnums.swift */ = {isa = PBXFileReference; fileEncoding = 4; lastKnownFileType = sourcecode.swift; path = SpectralDataEnums.swift; sourceTree = "<group>"; };
		2E91F30E1DDB82C7003E277F /* Parameter.swift */ = {isa = PBXFileReference; fileEncoding = 4; lastKnownFileType = sourcecode.swift; path = Parameter.swift; sourceTree = "<group>"; };
		2E91F3101DDB8408003E277F /* Init.swift */ = {isa = PBXFileReference; fileEncoding = 4; lastKnownFileType = sourcecode.swift; path = Init.swift; sourceTree = "<group>"; };
		2E91F3121DDB842A003E277F /* InstrumentControl.swift */ = {isa = PBXFileReference; fileEncoding = 4; lastKnownFileType = sourcecode.swift; path = InstrumentControl.swift; sourceTree = "<group>"; };
		2E91F3141DDB8440003E277F /* Optimize.swift */ = {isa = PBXFileReference; fileEncoding = 4; lastKnownFileType = sourcecode.swift; path = Optimize.swift; sourceTree = "<group>"; };
		2E91F3161DDB848E003E277F /* Version.swift */ = {isa = PBXFileReference; fileEncoding = 4; lastKnownFileType = sourcecode.swift; path = Version.swift; sourceTree = "<group>"; };
		2EB362931DF1BCF900E74E39 /* SpectralFileEnums.swift */ = {isa = PBXFileReference; fileEncoding = 4; lastKnownFileType = sourcecode.swift; path = SpectralFileEnums.swift; sourceTree = "<group>"; };
		2EB362951DF1BD4F00E74E39 /* SpectralFile.swift */ = {isa = PBXFileReference; fileEncoding = 4; lastKnownFileType = sourcecode.swift; path = SpectralFile.swift; sourceTree = "<group>"; };
		2EB362991DF1D8E400E74E39 /* AppData.swift */ = {isa = PBXFileReference; fileEncoding = 4; lastKnownFileType = sourcecode.swift; path = AppData.swift; sourceTree = "<group>"; };
		2EB3629B1DF1D91C00E74E39 /* GpsData.swift */ = {isa = PBXFileReference; fileEncoding = 4; lastKnownFileType = sourcecode.swift; path = GpsData.swift; sourceTree = "<group>"; };
		2EB3629D1DF1DABF00E74E39 /* ConstituentType.swift */ = {isa = PBXFileReference; fileEncoding = 4; lastKnownFileType = sourcecode.swift; path = ConstituentType.swift; sourceTree = "<group>"; };
		2EB3629F1DF1DF0A00E74E39 /* CalibrationBuffer.swift */ = {isa = PBXFileReference; fileEncoding = 4; lastKnownFileType = sourcecode.swift; path = CalibrationBuffer.swift; sourceTree = "<group>"; };
		2EB362A41DF23DDB00E74E39 /* SpectralFileParser.swift */ = {isa = PBXFileReference; fileEncoding = 4; lastKnownFileType = sourcecode.swift; path = SpectralFileParser.swift; sourceTree = "<group>"; };
		2EB822E61DE06C0300DF732C /* Extensions.swift */ = {isa = PBXFileReference; fileEncoding = 4; lastKnownFileType = sourcecode.swift; path = Extensions.swift; sourceTree = "<group>"; };
		2EB822E81DE06F0900DF732C /* VersionParser.swift */ = {isa = PBXFileReference; fileEncoding = 4; lastKnownFileType = sourcecode.swift; path = VersionParser.swift; sourceTree = "<group>"; };
		2EB822EB1DE0811D00DF732C /* FullRangeInterpolatedSpectrumParser.swift */ = {isa = PBXFileReference; fileEncoding = 4; lastKnownFileType = sourcecode.swift; path = FullRangeInterpolatedSpectrumParser.swift; sourceTree = "<group>"; };
		2EB822F31DE0A2D100DF732C /* OpenSans-Bold.ttf */ = {isa = PBXFileReference; lastKnownFileType = file; path = "OpenSans-Bold.ttf"; sourceTree = "<group>"; };
		2EB822F41DE0A2D100DF732C /* OpenSans-BoldItalic.ttf */ = {isa = PBXFileReference; lastKnownFileType = file; path = "OpenSans-BoldItalic.ttf"; sourceTree = "<group>"; };
		2EB822F51DE0A2D100DF732C /* OpenSans-ExtraBold.ttf */ = {isa = PBXFileReference; lastKnownFileType = file; path = "OpenSans-ExtraBold.ttf"; sourceTree = "<group>"; };
		2EB822F61DE0A2D100DF732C /* OpenSans-ExtraBoldItalic.ttf */ = {isa = PBXFileReference; lastKnownFileType = file; path = "OpenSans-ExtraBoldItalic.ttf"; sourceTree = "<group>"; };
		2EB822F71DE0A2D100DF732C /* OpenSans-Italic.ttf */ = {isa = PBXFileReference; lastKnownFileType = file; path = "OpenSans-Italic.ttf"; sourceTree = "<group>"; };
		2EB822F81DE0A2D100DF732C /* OpenSans-Light.ttf */ = {isa = PBXFileReference; lastKnownFileType = file; path = "OpenSans-Light.ttf"; sourceTree = "<group>"; };
		2EB822F91DE0A2D100DF732C /* OpenSans-LightItalic.ttf */ = {isa = PBXFileReference; lastKnownFileType = file; path = "OpenSans-LightItalic.ttf"; sourceTree = "<group>"; };
		2EB822FA1DE0A2D100DF732C /* OpenSans-Regular.ttf */ = {isa = PBXFileReference; lastKnownFileType = file; path = "OpenSans-Regular.ttf"; sourceTree = "<group>"; };
		2EB822FB1DE0A2D100DF732C /* OpenSans-Semibold.ttf */ = {isa = PBXFileReference; lastKnownFileType = file; path = "OpenSans-Semibold.ttf"; sourceTree = "<group>"; };
		2EB822FC1DE0A2D100DF732C /* OpenSans-SemiboldItalic.ttf */ = {isa = PBXFileReference; lastKnownFileType = file; path = "OpenSans-SemiboldItalic.ttf"; sourceTree = "<group>"; };
		2EB823081DE0AD1900DF732C /* AddEditConnectionViewController.swift */ = {isa = PBXFileReference; fileEncoding = 4; lastKnownFileType = sourcecode.swift; path = AddEditConnectionViewController.swift; sourceTree = "<group>"; };
		2EB823241DE0CC2900DF732C /* AquireViewController.swift */ = {isa = PBXFileReference; fileEncoding = 4; lastKnownFileType = sourcecode.swift; path = AquireViewController.swift; sourceTree = "<group>"; };
		2EB823271DE0D40F00DF732C /* SpectrometerTabBar.swift */ = {isa = PBXFileReference; fileEncoding = 4; lastKnownFileType = sourcecode.swift; path = SpectrometerTabBar.swift; sourceTree = "<group>"; };
		2EB8233B1DE113DA00DF732C /* CustomCharts.swift */ = {isa = PBXFileReference; fileEncoding = 4; lastKnownFileType = sourcecode.swift; path = CustomCharts.swift; sourceTree = "<group>"; };
		E108F2131E3B8B670097B7EE /* BaseMeasurementModal.swift */ = {isa = PBXFileReference; fileEncoding = 4; lastKnownFileType = sourcecode.swift; path = BaseMeasurementModal.swift; sourceTree = "<group>"; };
		E108F2181E3B960D0097B7EE /* StartTestSeriesViewController.swift */ = {isa = PBXFileReference; fileEncoding = 4; lastKnownFileType = sourcecode.swift; path = StartTestSeriesViewController.swift; sourceTree = "<group>"; };
		E108F21A1E3F367C0097B7EE /* WhiteRefrenceViewController.swift */ = {isa = PBXFileReference; fileEncoding = 4; lastKnownFileType = sourcecode.swift; path = WhiteRefrenceViewController.swift; sourceTree = "<group>"; };
		E1129D321E2FBDC700331A02 /* FinishTestSeriesViewController.swift */ = {isa = PBXFileReference; fileEncoding = 4; lastKnownFileType = sourcecode.swift; path = FinishTestSeriesViewController.swift; sourceTree = "<group>"; };
		E14EC22D1E2E1889006EBD2F /* SettingsViewController.swift */ = {isa = PBXFileReference; fileEncoding = 4; lastKnownFileType = sourcecode.swift; path = SettingsViewController.swift; sourceTree = "<group>"; };
		E165E1F61E34B5A20077A5EB /* FastMeasurmentViewController.swift */ = {isa = PBXFileReference; fileEncoding = 4; lastKnownFileType = sourcecode.swift; path = FastMeasurmentViewController.swift; sourceTree = "<group>"; };
		E1807E5D1E2E576400BB205F /* ExceptionErrors.swift */ = {isa = PBXFileReference; fileEncoding = 4; lastKnownFileType = sourcecode.swift; path = ExceptionErrors.swift; sourceTree = "<group>"; };
		E1807E631E2F619B00BB205F /* TestSeriesViewController.swift */ = {isa = PBXFileReference; fileEncoding = 4; lastKnownFileType = sourcecode.swift; path = TestSeriesViewController.swift; sourceTree = "<group>"; };
		E1807E651E2F79AA00BB205F /* PageContentViewController.swift */ = {isa = PBXFileReference; fileEncoding = 4; lastKnownFileType = sourcecode.swift; path = PageContentViewController.swift; sourceTree = "<group>"; };
		E1807E671E2F7B2F00BB205F /* ParentViewController.swift */ = {isa = PBXFileReference; fileEncoding = 4; lastKnownFileType = sourcecode.swift; path = ParentViewController.swift; sourceTree = "<group>"; };
		E186B9471E364DDF00FE43F3 /* CommandManager.swift */ = {isa = PBXFileReference; fileEncoding = 4; lastKnownFileType = sourcecode.swift; path = CommandManager.swift; sourceTree = "<group>"; };
		E189709F1E2914B300722E9C /* BaseWriter.swift */ = {isa = PBXFileReference; fileEncoding = 4; lastKnownFileType = sourcecode.swift; path = BaseWriter.swift; sourceTree = "<group>"; };
		E18DAE9C1E375D46005F6753 /* MeasurmentMasterTableViewController.swift */ = {isa = PBXFileReference; fileEncoding = 4; lastKnownFileType = sourcecode.swift; path = MeasurmentMasterTableViewController.swift; sourceTree = "<group>"; };
		E18DAE9E1E375E43005F6753 /* MeasurmentDetailViewController.swift */ = {isa = PBXFileReference; fileEncoding = 4; lastKnownFileType = sourcecode.swift; path = MeasurmentDetailViewController.swift; sourceTree = "<group>"; };
		E1AC382A1E266ACD004CCBEF /* FileWriter.swift */ = {isa = PBXFileReference; fileEncoding = 4; lastKnownFileType = sourcecode.swift; path = FileWriter.swift; sourceTree = "<group>"; };
/* End PBXFileReference section */

/* Begin PBXFrameworksBuildPhase section */
		2E91F29F1DDB5B76003E277F /* Frameworks */ = {
			isa = PBXFrameworksBuildPhase;
			buildActionMask = 2147483647;
			files = (
				2E2B8CE11DFEEF4400090078 /* FileBrowser.framework in Frameworks */,
				2E2B8CE51DFEEF4B00090078 /* Charts.framework in Frameworks */,
			);
			runOnlyForDeploymentPostprocessing = 0;
		};
		2E91F2B61DDB5B76003E277F /* Frameworks */ = {
			isa = PBXFrameworksBuildPhase;
			buildActionMask = 2147483647;
			files = (
			);
			runOnlyForDeploymentPostprocessing = 0;
		};
/* End PBXFrameworksBuildPhase section */

/* Begin PBXGroup section */
		2E2B8CCD1DFEEF0700090078 /* Products */ = {
			isa = PBXGroup;
			children = (
				2E2B8CD31DFEEF0700090078 /* Charts.framework */,
				2E2B8CD51DFEEF0700090078 /* ChartsRealm.framework */,
				2E2B8CD71DFEEF0700090078 /* ChartsTests.xctest */,
			);
			name = Products;
			sourceTree = "<group>";
		};
		2E2B8CD91DFEEF1600090078 /* Products */ = {
			isa = PBXGroup;
			children = (
				2E2B8CDE1DFEEF1600090078 /* FileBrowser.framework */,
				2E2B8CE01DFEEF1600090078 /* FileBrowserTests.xctest */,
			);
			name = Products;
			sourceTree = "<group>";
		};
		2E3494ED1DF61BD80039B1B6 /* AppIcon */ = {
			isa = PBXGroup;
			children = (
			);
			name = AppIcon;
			sourceTree = "<group>";
		};
		2E91F2991DDB5B76003E277F = {
			isa = PBXGroup;
			children = (
				2E2B8CD81DFEEF1600090078 /* FileBrowser.xcodeproj */,
				2E2B8CCC1DFEEF0700090078 /* Charts.xcodeproj */,
				2EB822ED1DE0A19000DF732C /* Ressources */,
				2E91F2F31DDB5C8B003E277F /* Core */,
				2E91F2C81DDB5B7D003E277F /* Socks */,
				2E91F2A41DDB5B76003E277F /* Spectrometer */,
				2E91F2BC1DDB5B76003E277F /* SpectrometerTests */,
				2E91F2A31DDB5B76003E277F /* Products */,
			);
			sourceTree = "<group>";
		};
		2E91F2A31DDB5B76003E277F /* Products */ = {
			isa = PBXGroup;
			children = (
				2E91F2A21DDB5B76003E277F /* Spectrometer.app */,
				2E91F2B91DDB5B76003E277F /* SpectrometerTests.xctest */,
			);
			name = Products;
			sourceTree = "<group>";
		};
		2E91F2A41DDB5B76003E277F /* Spectrometer */ = {
			isa = PBXGroup;
			children = (
				E18DAE981E375CDB005F6753 /* Measurement */,
				E14EC2291E2E187B006EBD2F /* Settings */,
				2EB823261DE0D3ED00DF732C /* ViewHelpers */,
				2EB823231DE0CC0600DF732C /* Aquire */,
				2EB823071DE0ACD400DF732C /* Connection */,
				2E91F2A51DDB5B76003E277F /* AppDelegate.swift */,
				2E91F2A91DDB5B76003E277F /* Main.storyboard */,
				2E91F2AF1DDB5B76003E277F /* Assets.xcassets */,
				2E91F2B11DDB5B76003E277F /* LaunchScreen.storyboard */,
				2E91F2B41DDB5B76003E277F /* Info.plist */,
				2E91F2AC1DDB5B76003E277F /* Spectrometer.xcdatamodeld */,
			);
			path = Spectrometer;
			sourceTree = "<group>";
		};
		2E91F2BC1DDB5B76003E277F /* SpectrometerTests */ = {
			isa = PBXGroup;
			children = (
				2E91F2BD1DDB5B76003E277F /* SpectrometerTests.swift */,
				2E91F2BF1DDB5B76003E277F /* Info.plist */,
			);
			path = SpectrometerTests;
			sourceTree = "<group>";
		};
		2E91F2C81DDB5B7D003E277F /* Socks */ = {
			isa = PBXGroup;
			children = (
				2E91F2C91DDB5B9F003E277F /* Socks */,
				2E91F2CF1DDB5B9F003E277F /* SocksCore */,
			);
			name = Socks;
			sourceTree = "<group>";
		};
		2E91F2C91DDB5B9F003E277F /* Socks */ = {
			isa = PBXGroup;
			children = (
				2E91F2CB1DDB5B9F003E277F /* SynchronousTCPServer.swift */,
				2E91F2CC1DDB5B9F003E277F /* SynchronousUDPServer.swift */,
				2E91F2CD1DDB5B9F003E277F /* TCPClient.swift */,
				2E91F2CE1DDB5B9F003E277F /* UDPClient.swift */,
			);
			path = Socks;
			sourceTree = "<group>";
		};
		2E91F2CF1DDB5B9F003E277F /* SocksCore */ = {
			isa = PBXGroup;
			children = (
				2E91F2D01DDB5B9F003E277F /* Address+C.swift */,
				2E91F2D11DDB5B9F003E277F /* Address.swift */,
				2E91F2D21DDB5B9F003E277F /* Bytes.swift */,
				2E91F2D31DDB5B9F003E277F /* Conversions.swift */,
				2E91F2D41DDB5B9F003E277F /* Error.swift */,
				2E91F2D51DDB5B9F003E277F /* FDSet.swift */,
				2E91F2D61DDB5B9F003E277F /* InternetSocket.swift */,
				2E91F2D71DDB5B9F003E277F /* Pipe.swift */,
				2E91F2D81DDB5B9F003E277F /* Select.swift */,
				2E91F2D91DDB5B9F003E277F /* Socket.swift */,
				2E91F2DA1DDB5B9F003E277F /* SocketOptions+Deprecated.swift */,
				2E91F2DB1DDB5B9F003E277F /* SocketOptions.swift */,
				2E91F2DC1DDB5B9F003E277F /* TCPSocket.swift */,
				2E91F2DD1DDB5B9F003E277F /* Types.swift */,
				2E91F2DE1DDB5B9F003E277F /* UDPSocket.swift */,
			);
			path = SocksCore;
			sourceTree = "<group>";
		};
		2E91F2F31DDB5C8B003E277F /* Core */ = {
			isa = PBXGroup;
			children = (
				2EB3628C1DF0212400E74E39 /* SpectralFile */,
				2E91F3031DDB77FC003E277F /* Parser */,
				2E91F2FB1DDB7402003E277F /* SpectralData */,
				2E91F2F81DDB6137003E277F /* Helpers */,
				2E91F2F61DDB5CF7003E277F /* TcpManager.swift */,
				E186B9471E364DDF00FE43F3 /* CommandManager.swift */,
			);
			name = Core;
			sourceTree = "<group>";
		};
		2E91F2F81DDB6137003E277F /* Helpers */ = {
			isa = PBXGroup;
			children = (
				2E91F2F91DDB6161003E277F /* Command.swift */,
				2EB822E61DE06C0300DF732C /* Extensions.swift */,
				E1807E5D1E2E576400BB205F /* ExceptionErrors.swift */,
			);
			name = Helpers;
			sourceTree = "<group>";
		};
		2E91F2FB1DDB7402003E277F /* SpectralData */ = {
			isa = PBXGroup;
			children = (
				2E91F30B1DDB8044003E277F /* Enums */,
				2E91F3061DDB78AD003E277F /* Base */,
				2E91F2FC1DDB7409003E277F /* Headers */,
				2E91F3091DDB7BDF003E277F /* FullRangeInterpolatedSpectrum.swift */,
				2E91F30E1DDB82C7003E277F /* Parameter.swift */,
				2E91F3101DDB8408003E277F /* Init.swift */,
				2E91F3121DDB842A003E277F /* InstrumentControl.swift */,
				2E91F3141DDB8440003E277F /* Optimize.swift */,
				2E91F3161DDB848E003E277F /* Version.swift */,
			);
			name = SpectralData;
			sourceTree = "<group>";
		};
		2E91F2FC1DDB7409003E277F /* Headers */ = {
			isa = PBXGroup;
			children = (
				2E91F2FD1DDB7446003E277F /* SpectrumHeader.swift */,
				2E91F2FF1DDB745D003E277F /* SwirHeader.swift */,
				2E91F3011DDB7472003E277F /* VnirHeader.swift */,
			);
			name = Headers;
			sourceTree = "<group>";
		};
		2E91F3031DDB77FC003E277F /* Parser */ = {
			isa = PBXGroup;
			children = (
				E1AC38291E2665F5004CCBEF /* IndiegoParser */,
				E1AC38251E2665E6004CCBEF /* SpectrumParser */,
			);
			name = Parser;
			sourceTree = "<group>";
		};
		2E91F3061DDB78AD003E277F /* Base */ = {
			isa = PBXGroup;
			children = (
				2E91F3071DDB78D8003E277F /* SpectrumDataBase.swift */,
			);
			name = Base;
			sourceTree = "<group>";
		};
		2E91F30B1DDB8044003E277F /* Enums */ = {
			isa = PBXGroup;
			children = (
				2E91F30C1DDB8068003E277F /* SpectralDataEnums.swift */,
			);
			name = Enums;
			sourceTree = "<group>";
		};
		2EB3628C1DF0212400E74E39 /* SpectralFile */ = {
			isa = PBXGroup;
			children = (
				2EB362A11DF1FE9200E74E39 /* SpectralTypes */,
				2EB362921DF1BCD700E74E39 /* Enums */,
				2EB362951DF1BD4F00E74E39 /* SpectralFile.swift */,
			);
			name = SpectralFile;
			sourceTree = "<group>";
		};
		2EB362921DF1BCD700E74E39 /* Enums */ = {
			isa = PBXGroup;
			children = (
				2EB362931DF1BCF900E74E39 /* SpectralFileEnums.swift */,
			);
			name = Enums;
			sourceTree = "<group>";
		};
		2EB362A11DF1FE9200E74E39 /* SpectralTypes */ = {
			isa = PBXGroup;
			children = (
				2EB362991DF1D8E400E74E39 /* AppData.swift */,
				2EB3629B1DF1D91C00E74E39 /* GpsData.swift */,
				2EB3629D1DF1DABF00E74E39 /* ConstituentType.swift */,
				2EB3629F1DF1DF0A00E74E39 /* CalibrationBuffer.swift */,
			);
			name = SpectralTypes;
			sourceTree = "<group>";
		};
		2EB822EA1DE080A400DF732C /* Base */ = {
			isa = PBXGroup;
			children = (
				2E91F3041DDB7827003E277F /* BaseSpectrumParser.swift */,
			);
			name = Base;
			sourceTree = "<group>";
		};
		2EB822ED1DE0A19000DF732C /* Ressources */ = {
			isa = PBXGroup;
			children = (
				2EB822F11DE0A1C600DF732C /* Files */,
				2EB822F01DE0A1BC00DF732C /* Fonts */,
				2EB822EF1DE0A1B800DF732C /* Icons */,
				2EB822EE1DE0A1A500DF732C /* Images */,
			);
			name = Ressources;
			sourceTree = "<group>";
		};
		2EB822EE1DE0A1A500DF732C /* Images */ = {
			isa = PBXGroup;
			children = (
				2E3494ED1DF61BD80039B1B6 /* AppIcon */,
			);
			name = Images;
			sourceTree = "<group>";
		};
		2EB822EF1DE0A1B800DF732C /* Icons */ = {
			isa = PBXGroup;
			children = (
			);
			name = Icons;
			sourceTree = "<group>";
		};
		2EB822F01DE0A1BC00DF732C /* Fonts */ = {
			isa = PBXGroup;
			children = (
				2EB822F21DE0A1E000DF732C /* OpenSans */,
			);
			name = Fonts;
			sourceTree = "<group>";
		};
		2EB822F11DE0A1C600DF732C /* Files */ = {
			isa = PBXGroup;
			children = (
			);
			name = Files;
			sourceTree = "<group>";
		};
		2EB822F21DE0A1E000DF732C /* OpenSans */ = {
			isa = PBXGroup;
			children = (
				2EB822F31DE0A2D100DF732C /* OpenSans-Bold.ttf */,
				2EB822F41DE0A2D100DF732C /* OpenSans-BoldItalic.ttf */,
				2EB822F51DE0A2D100DF732C /* OpenSans-ExtraBold.ttf */,
				2EB822F61DE0A2D100DF732C /* OpenSans-ExtraBoldItalic.ttf */,
				2EB822F71DE0A2D100DF732C /* OpenSans-Italic.ttf */,
				2EB822F81DE0A2D100DF732C /* OpenSans-Light.ttf */,
				2EB822F91DE0A2D100DF732C /* OpenSans-LightItalic.ttf */,
				2EB822FA1DE0A2D100DF732C /* OpenSans-Regular.ttf */,
				2EB822FB1DE0A2D100DF732C /* OpenSans-Semibold.ttf */,
				2EB822FC1DE0A2D100DF732C /* OpenSans-SemiboldItalic.ttf */,
			);
			name = OpenSans;
			sourceTree = "<group>";
		};
		2EB823071DE0ACD400DF732C /* Connection */ = {
			isa = PBXGroup;
			children = (
				2EB823081DE0AD1900DF732C /* AddEditConnectionViewController.swift */,
				2E91F2A71DDB5B76003E277F /* ConnectionViewController.swift */,
			);
			name = Connection;
			sourceTree = "<group>";
		};
		2EB823231DE0CC0600DF732C /* Aquire */ = {
			isa = PBXGroup;
			children = (
				E1807E621E2F617900BB205F /* Modals */,
				2EB823241DE0CC2900DF732C /* AquireViewController.swift */,
			);
			name = Aquire;
			sourceTree = "<group>";
		};
		2EB823261DE0D3ED00DF732C /* ViewHelpers */ = {
			isa = PBXGroup;
			children = (
				2EB823271DE0D40F00DF732C /* SpectrometerTabBar.swift */,
				2EB8233B1DE113DA00DF732C /* CustomCharts.swift */,
				2E708A221DE61A19008EC78A /* CustomizeExtensions.swift */,
				2E708A5B1DE714F0008EC78A /* Regex.swift */,
			);
			name = ViewHelpers;
			sourceTree = "<group>";
		};
		E14EC2291E2E187B006EBD2F /* Settings */ = {
			isa = PBXGroup;
			children = (
				E14EC22D1E2E1889006EBD2F /* SettingsViewController.swift */,
			);
			name = Settings;
			sourceTree = "<group>";
		};
		E1807E621E2F617900BB205F /* Modals */ = {
			isa = PBXGroup;
			children = (
				E1807E631E2F619B00BB205F /* TestSeriesViewController.swift */,
				E1807E651E2F79AA00BB205F /* PageContentViewController.swift */,
				E1807E671E2F7B2F00BB205F /* ParentViewController.swift */,
				E1129D321E2FBDC700331A02 /* FinishTestSeriesViewController.swift */,
				E165E1F61E34B5A20077A5EB /* FastMeasurmentViewController.swift */,
				E108F2131E3B8B670097B7EE /* BaseMeasurementModal.swift */,
				E108F2181E3B960D0097B7EE /* StartTestSeriesViewController.swift */,
				E108F21A1E3F367C0097B7EE /* WhiteRefrenceViewController.swift */,
			);
			name = Modals;
			sourceTree = "<group>";
		};
		E18DAE981E375CDB005F6753 /* Measurement */ = {
			isa = PBXGroup;
			children = (
				E18DAE9C1E375D46005F6753 /* MeasurmentMasterTableViewController.swift */,
				E18DAE9E1E375E43005F6753 /* MeasurmentDetailViewController.swift */,
			);
			name = Measurement;
			sourceTree = "<group>";
		};
		E1AC38251E2665E6004CCBEF /* SpectrumParser */ = {
			isa = PBXGroup;
			children = (
				2EB822EA1DE080A400DF732C /* Base */,
				2EB822E81DE06F0900DF732C /* VersionParser.swift */,
				2EB822EB1DE0811D00DF732C /* FullRangeInterpolatedSpectrumParser.swift */,
				2EB362A41DF23DDB00E74E39 /* SpectralFileParser.swift */,
				2E0324261E05600B00C52D58 /* ParameterParser.swift */,
			);
			name = SpectrumParser;
			sourceTree = "<group>";
		};
		E1AC38291E2665F5004CCBEF /* IndiegoParser */ = {
			isa = PBXGroup;
			children = (
				E1AC382A1E266ACD004CCBEF /* FileWriter.swift */,
				E189709F1E2914B300722E9C /* BaseWriter.swift */,
			);
			name = IndiegoParser;
			sourceTree = "<group>";
		};
/* End PBXGroup section */

/* Begin PBXNativeTarget section */
		2E91F2A11DDB5B76003E277F /* Spectrometer */ = {
			isa = PBXNativeTarget;
			buildConfigurationList = 2E91F2C21DDB5B76003E277F /* Build configuration list for PBXNativeTarget "Spectrometer" */;
			buildPhases = (
				2E91F29E1DDB5B76003E277F /* Sources */,
				2E91F29F1DDB5B76003E277F /* Frameworks */,
				2E91F2A01DDB5B76003E277F /* Resources */,
				2EB8233A1DE0EE8000DF732C /* Embed Frameworks */,
			);
			buildRules = (
			);
			dependencies = (
				2E2B8CE41DFEEF4400090078 /* PBXTargetDependency */,
				2E2B8CE81DFEEF4B00090078 /* PBXTargetDependency */,
			);
			name = Spectrometer;
			productName = Spectrometer;
			productReference = 2E91F2A21DDB5B76003E277F /* Spectrometer.app */;
			productType = "com.apple.product-type.application";
		};
		2E91F2B81DDB5B76003E277F /* SpectrometerTests */ = {
			isa = PBXNativeTarget;
			buildConfigurationList = 2E91F2C51DDB5B76003E277F /* Build configuration list for PBXNativeTarget "SpectrometerTests" */;
			buildPhases = (
				2E91F2B51DDB5B76003E277F /* Sources */,
				2E91F2B61DDB5B76003E277F /* Frameworks */,
				2E91F2B71DDB5B76003E277F /* Resources */,
			);
			buildRules = (
			);
			dependencies = (
				2E91F2BB1DDB5B76003E277F /* PBXTargetDependency */,
			);
			name = SpectrometerTests;
			productName = SpectrometerTests;
			productReference = 2E91F2B91DDB5B76003E277F /* SpectrometerTests.xctest */;
			productType = "com.apple.product-type.bundle.unit-test";
		};
/* End PBXNativeTarget section */

/* Begin PBXProject section */
		2E91F29A1DDB5B76003E277F /* Project object */ = {
			isa = PBXProject;
			attributes = {
				LastSwiftUpdateCheck = 0810;
				LastUpgradeCheck = 0810;
				ORGANIZATIONNAME = "YARX GmbH";
				TargetAttributes = {
					2E91F2A11DDB5B76003E277F = {
						CreatedOnToolsVersion = 8.1;
						DevelopmentTeam = 5TV46KLX3W;
						ProvisioningStyle = Manual;
					};
					2E91F2B81DDB5B76003E277F = {
						CreatedOnToolsVersion = 8.1;
						DevelopmentTeam = 5TV46KLX3W;
						ProvisioningStyle = Automatic;
						TestTargetID = 2E91F2A11DDB5B76003E277F;
					};
				};
			};
			buildConfigurationList = 2E91F29D1DDB5B76003E277F /* Build configuration list for PBXProject "Spectrometer" */;
			compatibilityVersion = "Xcode 3.2";
			developmentRegion = English;
			hasScannedForEncodings = 0;
			knownRegions = (
				en,
				Base,
			);
			mainGroup = 2E91F2991DDB5B76003E277F;
			productRefGroup = 2E91F2A31DDB5B76003E277F /* Products */;
			projectDirPath = "";
			projectReferences = (
				{
					ProductGroup = 2E2B8CCD1DFEEF0700090078 /* Products */;
					ProjectRef = 2E2B8CCC1DFEEF0700090078 /* Charts.xcodeproj */;
				},
				{
					ProductGroup = 2E2B8CD91DFEEF1600090078 /* Products */;
					ProjectRef = 2E2B8CD81DFEEF1600090078 /* FileBrowser.xcodeproj */;
				},
			);
			projectRoot = "";
			targets = (
				2E91F2A11DDB5B76003E277F /* Spectrometer */,
				2E91F2B81DDB5B76003E277F /* SpectrometerTests */,
			);
		};
/* End PBXProject section */

/* Begin PBXReferenceProxy section */
		2E2B8CD31DFEEF0700090078 /* Charts.framework */ = {
			isa = PBXReferenceProxy;
			fileType = wrapper.framework;
			path = Charts.framework;
			remoteRef = 2E2B8CD21DFEEF0700090078 /* PBXContainerItemProxy */;
			sourceTree = BUILT_PRODUCTS_DIR;
		};
		2E2B8CD51DFEEF0700090078 /* ChartsRealm.framework */ = {
			isa = PBXReferenceProxy;
			fileType = wrapper.framework;
			path = ChartsRealm.framework;
			remoteRef = 2E2B8CD41DFEEF0700090078 /* PBXContainerItemProxy */;
			sourceTree = BUILT_PRODUCTS_DIR;
		};
		2E2B8CD71DFEEF0700090078 /* ChartsTests.xctest */ = {
			isa = PBXReferenceProxy;
			fileType = wrapper.cfbundle;
			path = ChartsTests.xctest;
			remoteRef = 2E2B8CD61DFEEF0700090078 /* PBXContainerItemProxy */;
			sourceTree = BUILT_PRODUCTS_DIR;
		};
		2E2B8CDE1DFEEF1600090078 /* FileBrowser.framework */ = {
			isa = PBXReferenceProxy;
			fileType = wrapper.framework;
			path = FileBrowser.framework;
			remoteRef = 2E2B8CDD1DFEEF1600090078 /* PBXContainerItemProxy */;
			sourceTree = BUILT_PRODUCTS_DIR;
		};
		2E2B8CE01DFEEF1600090078 /* FileBrowserTests.xctest */ = {
			isa = PBXReferenceProxy;
			fileType = wrapper.cfbundle;
			path = FileBrowserTests.xctest;
			remoteRef = 2E2B8CDF1DFEEF1600090078 /* PBXContainerItemProxy */;
			sourceTree = BUILT_PRODUCTS_DIR;
		};
/* End PBXReferenceProxy section */

/* Begin PBXResourcesBuildPhase section */
		2E91F2A01DDB5B76003E277F /* Resources */ = {
			isa = PBXResourcesBuildPhase;
			buildActionMask = 2147483647;
			files = (
				2EB823051DE0A2D100DF732C /* OpenSans-Semibold.ttf in Resources */,
				2EB823061DE0A2D100DF732C /* OpenSans-SemiboldItalic.ttf in Resources */,
				2E91F2B31DDB5B76003E277F /* LaunchScreen.storyboard in Resources */,
				2EB823041DE0A2D100DF732C /* OpenSans-Regular.ttf in Resources */,
				2EB823011DE0A2D100DF732C /* OpenSans-Italic.ttf in Resources */,
				2EB823001DE0A2D100DF732C /* OpenSans-ExtraBoldItalic.ttf in Resources */,
				2E91F2B01DDB5B76003E277F /* Assets.xcassets in Resources */,
				2EB823031DE0A2D100DF732C /* OpenSans-LightItalic.ttf in Resources */,
				2EB822FD1DE0A2D100DF732C /* OpenSans-Bold.ttf in Resources */,
				2E91F2AB1DDB5B76003E277F /* Main.storyboard in Resources */,
				2EB823021DE0A2D100DF732C /* OpenSans-Light.ttf in Resources */,
				2EB822FE1DE0A2D100DF732C /* OpenSans-BoldItalic.ttf in Resources */,
				2EB822FF1DE0A2D100DF732C /* OpenSans-ExtraBold.ttf in Resources */,
			);
			runOnlyForDeploymentPostprocessing = 0;
		};
		2E91F2B71DDB5B76003E277F /* Resources */ = {
			isa = PBXResourcesBuildPhase;
			buildActionMask = 2147483647;
			files = (
			);
			runOnlyForDeploymentPostprocessing = 0;
		};
/* End PBXResourcesBuildPhase section */

/* Begin PBXSourcesBuildPhase section */
		2E91F29E1DDB5B76003E277F /* Sources */ = {
			isa = PBXSourcesBuildPhase;
			buildActionMask = 2147483647;
			files = (
				2E91F2EE1DDB5B9F003E277F /* SocketOptions+Deprecated.swift in Sources */,
				2E91F3111DDB8408003E277F /* Init.swift in Sources */,
				E165E1F71E34B5A20077A5EB /* FastMeasurmentViewController.swift in Sources */,
				2E91F2EA1DDB5B9F003E277F /* InternetSocket.swift in Sources */,
				E18DAE9D1E375D46005F6753 /* MeasurmentMasterTableViewController.swift in Sources */,
				E1807E5E1E2E576400BB205F /* ExceptionErrors.swift in Sources */,
				2E91F2E21DDB5B9F003E277F /* TCPClient.swift in Sources */,
				E14EC22E1E2E1889006EBD2F /* SettingsViewController.swift in Sources */,
				2E91F2EF1DDB5B9F003E277F /* SocketOptions.swift in Sources */,
				2E91F2A81DDB5B76003E277F /* ConnectionViewController.swift in Sources */,
				E108F21B1E3F367C0097B7EE /* WhiteRefrenceViewController.swift in Sources */,
				2E91F3081DDB78D8003E277F /* SpectrumDataBase.swift in Sources */,
				2EB362941DF1BCF900E74E39 /* SpectralFileEnums.swift in Sources */,
				2E91F2F71DDB5CF7003E277F /* TcpManager.swift in Sources */,
				2E91F2EB1DDB5B9F003E277F /* Pipe.swift in Sources */,
				2E91F2FE1DDB7446003E277F /* SpectrumHeader.swift in Sources */,
				2E91F3171DDB848E003E277F /* Version.swift in Sources */,
				2EB822EC1DE0811D00DF732C /* FullRangeInterpolatedSpectrumParser.swift in Sources */,
				2E91F30F1DDB82C7003E277F /* Parameter.swift in Sources */,
				2E708A231DE61A19008EC78A /* CustomizeExtensions.swift in Sources */,
				2EB362961DF1BD4F00E74E39 /* SpectralFile.swift in Sources */,
				2E91F30D1DDB8068003E277F /* SpectralDataEnums.swift in Sources */,
				E18DAE9F1E375E43005F6753 /* MeasurmentDetailViewController.swift in Sources */,
				2E91F2E61DDB5B9F003E277F /* Bytes.swift in Sources */,
				2EB3629C1DF1D91C00E74E39 /* GpsData.swift in Sources */,
				2EB822E71DE06C0300DF732C /* Extensions.swift in Sources */,
				E108F2141E3B8B670097B7EE /* BaseMeasurementModal.swift in Sources */,
				2E91F2FA1DDB6161003E277F /* Command.swift in Sources */,
				2E91F2E81DDB5B9F003E277F /* Error.swift in Sources */,
				2EB8233C1DE113DA00DF732C /* CustomCharts.swift in Sources */,
				E108F2191E3B960D0097B7EE /* StartTestSeriesViewController.swift in Sources */,
				2E91F3051DDB7827003E277F /* BaseSpectrumParser.swift in Sources */,
				2E91F2E31DDB5B9F003E277F /* UDPClient.swift in Sources */,
				2E91F2F11DDB5B9F003E277F /* Types.swift in Sources */,
				2E91F2E01DDB5B9F003E277F /* SynchronousTCPServer.swift in Sources */,
				2EB823091DE0AD1900DF732C /* AddEditConnectionViewController.swift in Sources */,
				2EB822E91DE06F0900DF732C /* VersionParser.swift in Sources */,
				2E91F2E51DDB5B9F003E277F /* Address.swift in Sources */,
				2E91F2E11DDB5B9F003E277F /* SynchronousUDPServer.swift in Sources */,
				2EB362A01DF1DF0A00E74E39 /* CalibrationBuffer.swift in Sources */,
				2E91F3151DDB8440003E277F /* Optimize.swift in Sources */,
				2E91F2E41DDB5B9F003E277F /* Address+C.swift in Sources */,
				E18970A01E2914B300722E9C /* BaseWriter.swift in Sources */,
				2E91F2EC1DDB5B9F003E277F /* Select.swift in Sources */,
				2E91F3021DDB7472003E277F /* VnirHeader.swift in Sources */,
				E186B9481E364DDF00FE43F3 /* CommandManager.swift in Sources */,
				E1AC382B1E266ACD004CCBEF /* FileWriter.swift in Sources */,
				2E91F2E91DDB5B9F003E277F /* FDSet.swift in Sources */,
				2E91F3131DDB842A003E277F /* InstrumentControl.swift in Sources */,
				E1807E641E2F619B00BB205F /* TestSeriesViewController.swift in Sources */,
				2E708A5C1DE714F0008EC78A /* Regex.swift in Sources */,
				E1807E681E2F7B2F00BB205F /* ParentViewController.swift in Sources */,
				E1129D331E2FBDC700331A02 /* FinishTestSeriesViewController.swift in Sources */,
				2E0324271E05600B00C52D58 /* ParameterParser.swift in Sources */,
				2EB362A51DF23DDB00E74E39 /* SpectralFileParser.swift in Sources */,
				2E91F2F01DDB5B9F003E277F /* TCPSocket.swift in Sources */,
				2E91F2ED1DDB5B9F003E277F /* Socket.swift in Sources */,
				2EB823251DE0CC2900DF732C /* AquireViewController.swift in Sources */,
				2EB3629E1DF1DABF00E74E39 /* ConstituentType.swift in Sources */,
				2E91F2E71DDB5B9F003E277F /* Conversions.swift in Sources */,
				2E91F3001DDB745D003E277F /* SwirHeader.swift in Sources */,
				2E91F2F21DDB5B9F003E277F /* UDPSocket.swift in Sources */,
				2EB823281DE0D40F00DF732C /* SpectrometerTabBar.swift in Sources */,
				2EB3629A1DF1D8E400E74E39 /* AppData.swift in Sources */,
				2E91F2A61DDB5B76003E277F /* AppDelegate.swift in Sources */,
				E1807E661E2F79AA00BB205F /* PageContentViewController.swift in Sources */,
				2E91F2AE1DDB5B76003E277F /* Spectrometer.xcdatamodeld in Sources */,
				2E91F30A1DDB7BDF003E277F /* FullRangeInterpolatedSpectrum.swift in Sources */,
			);
			runOnlyForDeploymentPostprocessing = 0;
		};
		2E91F2B51DDB5B76003E277F /* Sources */ = {
			isa = PBXSourcesBuildPhase;
			buildActionMask = 2147483647;
			files = (
				2E91F2BE1DDB5B76003E277F /* SpectrometerTests.swift in Sources */,
			);
			runOnlyForDeploymentPostprocessing = 0;
		};
/* End PBXSourcesBuildPhase section */

/* Begin PBXTargetDependency section */
		2E2B8CE41DFEEF4400090078 /* PBXTargetDependency */ = {
			isa = PBXTargetDependency;
			name = FileBrowser;
			targetProxy = 2E2B8CE31DFEEF4400090078 /* PBXContainerItemProxy */;
		};
		2E2B8CE81DFEEF4B00090078 /* PBXTargetDependency */ = {
			isa = PBXTargetDependency;
			name = Charts;
			targetProxy = 2E2B8CE71DFEEF4B00090078 /* PBXContainerItemProxy */;
		};
		2E91F2BB1DDB5B76003E277F /* PBXTargetDependency */ = {
			isa = PBXTargetDependency;
			target = 2E91F2A11DDB5B76003E277F /* Spectrometer */;
			targetProxy = 2E91F2BA1DDB5B76003E277F /* PBXContainerItemProxy */;
		};
/* End PBXTargetDependency section */

/* Begin PBXVariantGroup section */
		2E91F2A91DDB5B76003E277F /* Main.storyboard */ = {
			isa = PBXVariantGroup;
			children = (
				2E91F2AA1DDB5B76003E277F /* Base */,
			);
			name = Main.storyboard;
			sourceTree = "<group>";
		};
		2E91F2B11DDB5B76003E277F /* LaunchScreen.storyboard */ = {
			isa = PBXVariantGroup;
			children = (
				2E91F2B21DDB5B76003E277F /* Base */,
			);
			name = LaunchScreen.storyboard;
			sourceTree = "<group>";
		};
/* End PBXVariantGroup section */

/* Begin XCBuildConfiguration section */
		2E91F2C01DDB5B76003E277F /* Debug */ = {
			isa = XCBuildConfiguration;
			buildSettings = {
				ALWAYS_SEARCH_USER_PATHS = NO;
				CLANG_ANALYZER_NONNULL = YES;
				CLANG_CXX_LANGUAGE_STANDARD = "gnu++0x";
				CLANG_CXX_LIBRARY = "libc++";
				CLANG_ENABLE_MODULES = YES;
				CLANG_ENABLE_OBJC_ARC = YES;
				CLANG_WARN_BOOL_CONVERSION = YES;
				CLANG_WARN_CONSTANT_CONVERSION = YES;
				CLANG_WARN_DIRECT_OBJC_ISA_USAGE = YES_ERROR;
				CLANG_WARN_DOCUMENTATION_COMMENTS = YES;
				CLANG_WARN_EMPTY_BODY = YES;
				CLANG_WARN_ENUM_CONVERSION = YES;
				CLANG_WARN_INFINITE_RECURSION = YES;
				CLANG_WARN_INT_CONVERSION = YES;
				CLANG_WARN_OBJC_ROOT_CLASS = YES_ERROR;
				CLANG_WARN_SUSPICIOUS_MOVES = YES;
				CLANG_WARN_UNREACHABLE_CODE = YES;
				CLANG_WARN__DUPLICATE_METHOD_MATCH = YES;
				"CODE_SIGN_IDENTITY[sdk=iphoneos*]" = "iPhone Developer";
				COPY_PHASE_STRIP = NO;
				DEBUG_INFORMATION_FORMAT = dwarf;
				ENABLE_STRICT_OBJC_MSGSEND = YES;
				ENABLE_TESTABILITY = YES;
				GCC_C_LANGUAGE_STANDARD = gnu99;
				GCC_DYNAMIC_NO_PIC = NO;
				GCC_NO_COMMON_BLOCKS = YES;
				GCC_OPTIMIZATION_LEVEL = 0;
				GCC_PREPROCESSOR_DEFINITIONS = (
					"DEBUG=1",
					"$(inherited)",
				);
				GCC_WARN_64_TO_32_BIT_CONVERSION = YES;
				GCC_WARN_ABOUT_RETURN_TYPE = YES_ERROR;
				GCC_WARN_UNDECLARED_SELECTOR = YES;
				GCC_WARN_UNINITIALIZED_AUTOS = YES_AGGRESSIVE;
				GCC_WARN_UNUSED_FUNCTION = YES;
				GCC_WARN_UNUSED_VARIABLE = YES;
				IPHONEOS_DEPLOYMENT_TARGET = 10.1;
				MTL_ENABLE_DEBUG_INFO = YES;
				ONLY_ACTIVE_ARCH = YES;
				SDKROOT = iphoneos;
				SWIFT_ACTIVE_COMPILATION_CONDITIONS = DEBUG;
				SWIFT_OPTIMIZATION_LEVEL = "-Onone";
				TARGETED_DEVICE_FAMILY = 2;
			};
			name = Debug;
		};
		2E91F2C11DDB5B76003E277F /* Release */ = {
			isa = XCBuildConfiguration;
			buildSettings = {
				ALWAYS_SEARCH_USER_PATHS = NO;
				CLANG_ANALYZER_NONNULL = YES;
				CLANG_CXX_LANGUAGE_STANDARD = "gnu++0x";
				CLANG_CXX_LIBRARY = "libc++";
				CLANG_ENABLE_MODULES = YES;
				CLANG_ENABLE_OBJC_ARC = YES;
				CLANG_WARN_BOOL_CONVERSION = YES;
				CLANG_WARN_CONSTANT_CONVERSION = YES;
				CLANG_WARN_DIRECT_OBJC_ISA_USAGE = YES_ERROR;
				CLANG_WARN_DOCUMENTATION_COMMENTS = YES;
				CLANG_WARN_EMPTY_BODY = YES;
				CLANG_WARN_ENUM_CONVERSION = YES;
				CLANG_WARN_INFINITE_RECURSION = YES;
				CLANG_WARN_INT_CONVERSION = YES;
				CLANG_WARN_OBJC_ROOT_CLASS = YES_ERROR;
				CLANG_WARN_SUSPICIOUS_MOVES = YES;
				CLANG_WARN_UNREACHABLE_CODE = YES;
				CLANG_WARN__DUPLICATE_METHOD_MATCH = YES;
				"CODE_SIGN_IDENTITY[sdk=iphoneos*]" = "iPhone Developer";
				COPY_PHASE_STRIP = NO;
				DEBUG_INFORMATION_FORMAT = "dwarf-with-dsym";
				ENABLE_NS_ASSERTIONS = NO;
				ENABLE_STRICT_OBJC_MSGSEND = YES;
				GCC_C_LANGUAGE_STANDARD = gnu99;
				GCC_NO_COMMON_BLOCKS = YES;
				GCC_WARN_64_TO_32_BIT_CONVERSION = YES;
				GCC_WARN_ABOUT_RETURN_TYPE = YES_ERROR;
				GCC_WARN_UNDECLARED_SELECTOR = YES;
				GCC_WARN_UNINITIALIZED_AUTOS = YES_AGGRESSIVE;
				GCC_WARN_UNUSED_FUNCTION = YES;
				GCC_WARN_UNUSED_VARIABLE = YES;
				IPHONEOS_DEPLOYMENT_TARGET = 10.1;
				MTL_ENABLE_DEBUG_INFO = NO;
				SDKROOT = iphoneos;
				SWIFT_OPTIMIZATION_LEVEL = "-Owholemodule";
				TARGETED_DEVICE_FAMILY = 2;
				VALIDATE_PRODUCT = YES;
			};
			name = Release;
		};
		2E91F2C31DDB5B76003E277F /* Debug */ = {
			isa = XCBuildConfiguration;
			buildSettings = {
				ALWAYS_EMBED_SWIFT_STANDARD_LIBRARIES = YES;
				ASSETCATALOG_COMPILER_APPICON_NAME = AppIcon;
				"CODE_SIGN_IDENTITY[sdk=iphoneos*]" = "iPhone Developer";
				DEVELOPMENT_TEAM = 5TV46KLX3W;
				INFOPLIST_FILE = Spectrometer/Info.plist;
				IPHONEOS_DEPLOYMENT_TARGET = 10.0;
				LD_RUNPATH_SEARCH_PATHS = "$(inherited) @executable_path/Frameworks";
				PRODUCT_BUNDLE_IDENTIFIER = ch.yarx.Spektrometer;
				PRODUCT_NAME = "$(TARGET_NAME)";
				PROVISIONING_PROFILE = "5b68a788-bd18-41bf-ab0c-7a5f16398fe8";
				PROVISIONING_PROFILE_SPECIFIER = "Spektrometer Development";
				SWIFT_VERSION = 3.0;
				TARGETED_DEVICE_FAMILY = "1,2";
			};
			name = Debug;
		};
		2E91F2C41DDB5B76003E277F /* Release */ = {
			isa = XCBuildConfiguration;
			buildSettings = {
				ALWAYS_EMBED_SWIFT_STANDARD_LIBRARIES = YES;
				ASSETCATALOG_COMPILER_APPICON_NAME = AppIcon;
				"CODE_SIGN_IDENTITY[sdk=iphoneos*]" = "iPhone Distribution";
				DEVELOPMENT_TEAM = 5TV46KLX3W;
				INFOPLIST_FILE = Spectrometer/Info.plist;
				IPHONEOS_DEPLOYMENT_TARGET = 10.0;
				LD_RUNPATH_SEARCH_PATHS = "$(inherited) @executable_path/Frameworks";
				PRODUCT_BUNDLE_IDENTIFIER = ch.yarx.Spektrometer;
				PRODUCT_NAME = "$(TARGET_NAME)";
				PROVISIONING_PROFILE = "1b548ad1-dcbf-4c0b-9282-c0e3b65d565e";
				PROVISIONING_PROFILE_SPECIFIER = "Spektrometer App Release";
				SWIFT_VERSION = 3.0;
				TARGETED_DEVICE_FAMILY = "1,2";
			};
			name = Release;
		};
		2E91F2C61DDB5B76003E277F /* Debug */ = {
			isa = XCBuildConfiguration;
			buildSettings = {
				ALWAYS_EMBED_SWIFT_STANDARD_LIBRARIES = YES;
				BUNDLE_LOADER = "$(TEST_HOST)";
				DEVELOPMENT_TEAM = 5TV46KLX3W;
				INFOPLIST_FILE = SpectrometerTests/Info.plist;
				LD_RUNPATH_SEARCH_PATHS = "$(inherited) @executable_path/Frameworks @loader_path/Frameworks";
				PRODUCT_BUNDLE_IDENTIFIER = ch.yarx.SpectrometerTests;
				PRODUCT_NAME = "$(TARGET_NAME)";
				SWIFT_VERSION = 3.0;
				TEST_HOST = "$(BUILT_PRODUCTS_DIR)/Spectrometer.app/Spectrometer";
			};
			name = Debug;
		};
		2E91F2C71DDB5B76003E277F /* Release */ = {
			isa = XCBuildConfiguration;
			buildSettings = {
				ALWAYS_EMBED_SWIFT_STANDARD_LIBRARIES = YES;
				BUNDLE_LOADER = "$(TEST_HOST)";
				DEVELOPMENT_TEAM = 5TV46KLX3W;
				INFOPLIST_FILE = SpectrometerTests/Info.plist;
				LD_RUNPATH_SEARCH_PATHS = "$(inherited) @executable_path/Frameworks @loader_path/Frameworks";
				PRODUCT_BUNDLE_IDENTIFIER = ch.yarx.SpectrometerTests;
				PRODUCT_NAME = "$(TARGET_NAME)";
				SWIFT_VERSION = 3.0;
				TEST_HOST = "$(BUILT_PRODUCTS_DIR)/Spectrometer.app/Spectrometer";
			};
			name = Release;
		};
/* End XCBuildConfiguration section */

/* Begin XCConfigurationList section */
		2E91F29D1DDB5B76003E277F /* Build configuration list for PBXProject "Spectrometer" */ = {
			isa = XCConfigurationList;
			buildConfigurations = (
				2E91F2C01DDB5B76003E277F /* Debug */,
				2E91F2C11DDB5B76003E277F /* Release */,
			);
			defaultConfigurationIsVisible = 0;
			defaultConfigurationName = Release;
		};
		2E91F2C21DDB5B76003E277F /* Build configuration list for PBXNativeTarget "Spectrometer" */ = {
			isa = XCConfigurationList;
			buildConfigurations = (
				2E91F2C31DDB5B76003E277F /* Debug */,
				2E91F2C41DDB5B76003E277F /* Release */,
			);
			defaultConfigurationIsVisible = 0;
			defaultConfigurationName = Release;
		};
		2E91F2C51DDB5B76003E277F /* Build configuration list for PBXNativeTarget "SpectrometerTests" */ = {
			isa = XCConfigurationList;
			buildConfigurations = (
				2E91F2C61DDB5B76003E277F /* Debug */,
				2E91F2C71DDB5B76003E277F /* Release */,
			);
			defaultConfigurationIsVisible = 0;
			defaultConfigurationName = Release;
		};
/* End XCConfigurationList section */

/* Begin XCVersionGroup section */
		2E91F2AC1DDB5B76003E277F /* Spectrometer.xcdatamodeld */ = {
			isa = XCVersionGroup;
			children = (
				2E91F2AD1DDB5B76003E277F /* Spectrometer.xcdatamodel */,
			);
			currentVersion = 2E91F2AD1DDB5B76003E277F /* Spectrometer.xcdatamodel */;
			path = Spectrometer.xcdatamodeld;
			sourceTree = "<group>";
			versionGroupType = wrapper.xcdatamodel;
		};
/* End XCVersionGroup section */
	};
	rootObject = 2E91F29A1DDB5B76003E277F /* Project object */;
}
